// !$*UTF8*$!
{
	archiveVersion = 1;
	classes = {
	};
	objectVersion = 46;
	objects = {

/* Begin PBXBuildFile section */
		4399013918F1C9C700F1F96A /* Foundation.framework in Frameworks */ = {isa = PBXBuildFile; fileRef = 4399013818F1C9C700F1F96A /* Foundation.framework */; };
		4399013B18F1C9C700F1F96A /* CoreGraphics.framework in Frameworks */ = {isa = PBXBuildFile; fileRef = 4399013A18F1C9C700F1F96A /* CoreGraphics.framework */; };
		4399013D18F1C9C700F1F96A /* UIKit.framework in Frameworks */ = {isa = PBXBuildFile; fileRef = 4399013C18F1C9C700F1F96A /* UIKit.framework */; };
		4399014318F1C9C700F1F96A /* InfoPlist.strings in Resources */ = {isa = PBXBuildFile; fileRef = 4399014118F1C9C700F1F96A /* InfoPlist.strings */; };
		4399014518F1C9C700F1F96A /* main.m in Sources */ = {isa = PBXBuildFile; fileRef = 4399014418F1C9C700F1F96A /* main.m */; };
		4399014918F1C9C700F1F96A /* PHSAppDelegate.m in Sources */ = {isa = PBXBuildFile; fileRef = 4399014818F1C9C700F1F96A /* PHSAppDelegate.m */; };
		4399014C18F1C9C700F1F96A /* Main.storyboard in Resources */ = {isa = PBXBuildFile; fileRef = 4399014A18F1C9C700F1F96A /* Main.storyboard */; };
		4399014F18F1C9C700F1F96A /* PHSViewController.m in Sources */ = {isa = PBXBuildFile; fileRef = 4399014E18F1C9C700F1F96A /* PHSViewController.m */; };
		4399015118F1C9C700F1F96A /* Images.xcassets in Resources */ = {isa = PBXBuildFile; fileRef = 4399015018F1C9C700F1F96A /* Images.xcassets */; };
		4399015818F1C9C700F1F96A /* XCTest.framework in Frameworks */ = {isa = PBXBuildFile; fileRef = 4399015718F1C9C700F1F96A /* XCTest.framework */; };
		4399015918F1C9C700F1F96A /* Foundation.framework in Frameworks */ = {isa = PBXBuildFile; fileRef = 4399013818F1C9C700F1F96A /* Foundation.framework */; };
		4399015A18F1C9C700F1F96A /* UIKit.framework in Frameworks */ = {isa = PBXBuildFile; fileRef = 4399013C18F1C9C700F1F96A /* UIKit.framework */; };
		4399016218F1C9C700F1F96A /* InfoPlist.strings in Resources */ = {isa = PBXBuildFile; fileRef = 4399016018F1C9C700F1F96A /* InfoPlist.strings */; };
		4399016418F1C9C700F1F96A /* PhaseTests.m in Sources */ = {isa = PBXBuildFile; fileRef = 4399016318F1C9C700F1F96A /* PhaseTests.m */; };
/* End PBXBuildFile section */

/* Begin PBXContainerItemProxy section */
		4399015B18F1C9C700F1F96A /* PBXContainerItemProxy */ = {
			isa = PBXContainerItemProxy;
			containerPortal = 4399012D18F1C9C700F1F96A /* Project object */;
			proxyType = 1;
			remoteGlobalIDString = 4399013418F1C9C700F1F96A;
			remoteInfo = Phase;
		};
/* End PBXContainerItemProxy section */

/* Begin PBXFileReference section */
		4399013518F1C9C700F1F96A /* Phase.app */ = {isa = PBXFileReference; explicitFileType = wrapper.application; includeInIndex = 0; path = Phase.app; sourceTree = BUILT_PRODUCTS_DIR; };
		4399013818F1C9C700F1F96A /* Foundation.framework */ = {isa = PBXFileReference; lastKnownFileType = wrapper.framework; name = Foundation.framework; path = System/Library/Frameworks/Foundation.framework; sourceTree = SDKROOT; };
		4399013A18F1C9C700F1F96A /* CoreGraphics.framework */ = {isa = PBXFileReference; lastKnownFileType = wrapper.framework; name = CoreGraphics.framework; path = System/Library/Frameworks/CoreGraphics.framework; sourceTree = SDKROOT; };
		4399013C18F1C9C700F1F96A /* UIKit.framework */ = {isa = PBXFileReference; lastKnownFileType = wrapper.framework; name = UIKit.framework; path = System/Library/Frameworks/UIKit.framework; sourceTree = SDKROOT; };
		4399014018F1C9C700F1F96A /* Phase-Info.plist */ = {isa = PBXFileReference; lastKnownFileType = text.plist.xml; path = "Phase-Info.plist"; sourceTree = "<group>"; };
		4399014218F1C9C700F1F96A /* en */ = {isa = PBXFileReference; lastKnownFileType = text.plist.strings; name = en; path = en.lproj/InfoPlist.strings; sourceTree = "<group>"; };
		4399014418F1C9C700F1F96A /* main.m */ = {isa = PBXFileReference; lastKnownFileType = sourcecode.c.objc; path = main.m; sourceTree = "<group>"; };
		4399014618F1C9C700F1F96A /* Phase-Prefix.pch */ = {isa = PBXFileReference; lastKnownFileType = sourcecode.c.h; path = "Phase-Prefix.pch"; sourceTree = "<group>"; };
		4399014718F1C9C700F1F96A /* PHSAppDelegate.h */ = {isa = PBXFileReference; lastKnownFileType = sourcecode.c.h; path = PHSAppDelegate.h; sourceTree = "<group>"; };
		4399014818F1C9C700F1F96A /* PHSAppDelegate.m */ = {isa = PBXFileReference; lastKnownFileType = sourcecode.c.objc; path = PHSAppDelegate.m; sourceTree = "<group>"; };
		4399014B18F1C9C700F1F96A /* Base */ = {isa = PBXFileReference; lastKnownFileType = file.storyboard; name = Base; path = Base.lproj/Main.storyboard; sourceTree = "<group>"; };
		4399014D18F1C9C700F1F96A /* PHSViewController.h */ = {isa = PBXFileReference; lastKnownFileType = sourcecode.c.h; path = PHSViewController.h; sourceTree = "<group>"; };
		4399014E18F1C9C700F1F96A /* PHSViewController.m */ = {isa = PBXFileReference; lastKnownFileType = sourcecode.c.objc; path = PHSViewController.m; sourceTree = "<group>"; };
		4399015018F1C9C700F1F96A /* Images.xcassets */ = {isa = PBXFileReference; lastKnownFileType = folder.assetcatalog; path = Images.xcassets; sourceTree = "<group>"; };
		4399015618F1C9C700F1F96A /* PhaseTests.xctest */ = {isa = PBXFileReference; explicitFileType = wrapper.cfbundle; includeInIndex = 0; path = PhaseTests.xctest; sourceTree = BUILT_PRODUCTS_DIR; };
		4399015718F1C9C700F1F96A /* XCTest.framework */ = {isa = PBXFileReference; lastKnownFileType = wrapper.framework; name = XCTest.framework; path = Library/Frameworks/XCTest.framework; sourceTree = DEVELOPER_DIR; };
		4399015F18F1C9C700F1F96A /* PhaseTests-Info.plist */ = {isa = PBXFileReference; lastKnownFileType = text.plist.xml; path = "PhaseTests-Info.plist"; sourceTree = "<group>"; };
		4399016118F1C9C700F1F96A /* en */ = {isa = PBXFileReference; lastKnownFileType = text.plist.strings; name = en; path = en.lproj/InfoPlist.strings; sourceTree = "<group>"; };
		4399016318F1C9C700F1F96A /* PhaseTests.m */ = {isa = PBXFileReference; lastKnownFileType = sourcecode.c.objc; path = PhaseTests.m; sourceTree = "<group>"; };
/* End PBXFileReference section */

/* Begin PBXFrameworksBuildPhase section */
		4399013218F1C9C700F1F96A /* Frameworks */ = {
			isa = PBXFrameworksBuildPhase;
			buildActionMask = 2147483647;
			files = (
				4399013B18F1C9C700F1F96A /* CoreGraphics.framework in Frameworks */,
				4399013D18F1C9C700F1F96A /* UIKit.framework in Frameworks */,
				4399013918F1C9C700F1F96A /* Foundation.framework in Frameworks */,
			);
			runOnlyForDeploymentPostprocessing = 0;
		};
		4399015318F1C9C700F1F96A /* Frameworks */ = {
			isa = PBXFrameworksBuildPhase;
			buildActionMask = 2147483647;
			files = (
				4399015818F1C9C700F1F96A /* XCTest.framework in Frameworks */,
				4399015A18F1C9C700F1F96A /* UIKit.framework in Frameworks */,
				4399015918F1C9C700F1F96A /* Foundation.framework in Frameworks */,
			);
			runOnlyForDeploymentPostprocessing = 0;
		};
/* End PBXFrameworksBuildPhase section */

/* Begin PBXGroup section */
		4399012C18F1C9C700F1F96A = {
			isa = PBXGroup;
			children = (
				4399013E18F1C9C700F1F96A /* Phase */,
				4399015D18F1C9C700F1F96A /* PhaseTests */,
				4399013718F1C9C700F1F96A /* Frameworks */,
				4399013618F1C9C700F1F96A /* Products */,
			);
			sourceTree = "<group>";
		};
		4399013618F1C9C700F1F96A /* Products */ = {
			isa = PBXGroup;
			children = (
				4399013518F1C9C700F1F96A /* Phase.app */,
				4399015618F1C9C700F1F96A /* PhaseTests.xctest */,
			);
			name = Products;
			sourceTree = "<group>";
		};
		4399013718F1C9C700F1F96A /* Frameworks */ = {
			isa = PBXGroup;
			children = (
				4399013818F1C9C700F1F96A /* Foundation.framework */,
				4399013A18F1C9C700F1F96A /* CoreGraphics.framework */,
				4399013C18F1C9C700F1F96A /* UIKit.framework */,
				4399015718F1C9C700F1F96A /* XCTest.framework */,
			);
			name = Frameworks;
			sourceTree = "<group>";
		};
		4399013E18F1C9C700F1F96A /* Phase */ = {
			isa = PBXGroup;
			children = (
				4399014718F1C9C700F1F96A /* PHSAppDelegate.h */,
				4399014818F1C9C700F1F96A /* PHSAppDelegate.m */,
				4399014A18F1C9C700F1F96A /* Main.storyboard */,
				4399014D18F1C9C700F1F96A /* PHSViewController.h */,
				4399014E18F1C9C700F1F96A /* PHSViewController.m */,
				4399015018F1C9C700F1F96A /* Images.xcassets */,
				4399013F18F1C9C700F1F96A /* Supporting Files */,
			);
			path = Phase;
			sourceTree = "<group>";
		};
		4399013F18F1C9C700F1F96A /* Supporting Files */ = {
			isa = PBXGroup;
			children = (
				4399014018F1C9C700F1F96A /* Phase-Info.plist */,
				4399014118F1C9C700F1F96A /* InfoPlist.strings */,
				4399014418F1C9C700F1F96A /* main.m */,
				4399014618F1C9C700F1F96A /* Phase-Prefix.pch */,
			);
			name = "Supporting Files";
			sourceTree = "<group>";
		};
		4399015D18F1C9C700F1F96A /* PhaseTests */ = {
			isa = PBXGroup;
			children = (
				4399016318F1C9C700F1F96A /* PhaseTests.m */,
				4399015E18F1C9C700F1F96A /* Supporting Files */,
			);
			path = PhaseTests;
			sourceTree = "<group>";
		};
		4399015E18F1C9C700F1F96A /* Supporting Files */ = {
			isa = PBXGroup;
			children = (
				4399015F18F1C9C700F1F96A /* PhaseTests-Info.plist */,
				4399016018F1C9C700F1F96A /* InfoPlist.strings */,
			);
			name = "Supporting Files";
			sourceTree = "<group>";
		};
/* End PBXGroup section */

/* Begin PBXNativeTarget section */
		4399013418F1C9C700F1F96A /* Phase */ = {
			isa = PBXNativeTarget;
			buildConfigurationList = 4399016718F1C9C700F1F96A /* Build configuration list for PBXNativeTarget "Phase" */;
			buildPhases = (
				4399013118F1C9C700F1F96A /* Sources */,
				4399013218F1C9C700F1F96A /* Frameworks */,
				4399013318F1C9C700F1F96A /* Resources */,
			);
			buildRules = (
			);
			dependencies = (
			);
			name = Phase;
			productName = Phase;
			productReference = 4399013518F1C9C700F1F96A /* Phase.app */;
			productType = "com.apple.product-type.application";
		};
		4399015518F1C9C700F1F96A /* PhaseTests */ = {
			isa = PBXNativeTarget;
			buildConfigurationList = 4399016A18F1C9C700F1F96A /* Build configuration list for PBXNativeTarget "PhaseTests" */;
			buildPhases = (
				4399015218F1C9C700F1F96A /* Sources */,
				4399015318F1C9C700F1F96A /* Frameworks */,
				4399015418F1C9C700F1F96A /* Resources */,
			);
			buildRules = (
			);
			dependencies = (
				4399015C18F1C9C700F1F96A /* PBXTargetDependency */,
			);
			name = PhaseTests;
			productName = PhaseTests;
			productReference = 4399015618F1C9C700F1F96A /* PhaseTests.xctest */;
			productType = "com.apple.product-type.bundle.unit-test";
		};
/* End PBXNativeTarget section */

/* Begin PBXProject section */
		4399012D18F1C9C700F1F96A /* Project object */ = {
			isa = PBXProject;
			attributes = {
				CLASSPREFIX = PHS;
				LastUpgradeCheck = 0510;
				ORGANIZATIONNAME = "Patrick Goley";
				TargetAttributes = {
					4399015518F1C9C700F1F96A = {
						TestTargetID = 4399013418F1C9C700F1F96A;
					};
				};
			};
			buildConfigurationList = 4399013018F1C9C700F1F96A /* Build configuration list for PBXProject "Phase" */;
			compatibilityVersion = "Xcode 3.2";
			developmentRegion = English;
			hasScannedForEncodings = 0;
			knownRegions = (
				en,
				Base,
			);
			mainGroup = 4399012C18F1C9C700F1F96A;
			productRefGroup = 4399013618F1C9C700F1F96A /* Products */;
			projectDirPath = "";
			projectRoot = "";
			targets = (
				4399013418F1C9C700F1F96A /* Phase */,
				4399015518F1C9C700F1F96A /* PhaseTests */,
			);
		};
/* End PBXProject section */

/* Begin PBXResourcesBuildPhase section */
		4399013318F1C9C700F1F96A /* Resources */ = {
			isa = PBXResourcesBuildPhase;
			buildActionMask = 2147483647;
			files = (
				4399015118F1C9C700F1F96A /* Images.xcassets in Resources */,
				4399014318F1C9C700F1F96A /* InfoPlist.strings in Resources */,
				4399014C18F1C9C700F1F96A /* Main.storyboard in Resources */,
			);
			runOnlyForDeploymentPostprocessing = 0;
		};
		4399015418F1C9C700F1F96A /* Resources */ = {
			isa = PBXResourcesBuildPhase;
			buildActionMask = 2147483647;
			files = (
				4399016218F1C9C700F1F96A /* InfoPlist.strings in Resources */,
			);
			runOnlyForDeploymentPostprocessing = 0;
		};
/* End PBXResourcesBuildPhase section */

/* Begin PBXSourcesBuildPhase section */
		4399013118F1C9C700F1F96A /* Sources */ = {
			isa = PBXSourcesBuildPhase;
			buildActionMask = 2147483647;
			files = (
				4399014F18F1C9C700F1F96A /* PHSViewController.m in Sources */,
				4399014918F1C9C700F1F96A /* PHSAppDelegate.m in Sources */,
				4399014518F1C9C700F1F96A /* main.m in Sources */,
			);
			runOnlyForDeploymentPostprocessing = 0;
		};
		4399015218F1C9C700F1F96A /* Sources */ = {
			isa = PBXSourcesBuildPhase;
			buildActionMask = 2147483647;
			files = (
				4399016418F1C9C700F1F96A /* PhaseTests.m in Sources */,
			);
			runOnlyForDeploymentPostprocessing = 0;
		};
/* End PBXSourcesBuildPhase section */

/* Begin PBXTargetDependency section */
		4399015C18F1C9C700F1F96A /* PBXTargetDependency */ = {
			isa = PBXTargetDependency;
			target = 4399013418F1C9C700F1F96A /* Phase */;
			targetProxy = 4399015B18F1C9C700F1F96A /* PBXContainerItemProxy */;
		};
/* End PBXTargetDependency section */

/* Begin PBXVariantGroup section */
		4399014118F1C9C700F1F96A /* InfoPlist.strings */ = {
			isa = PBXVariantGroup;
			children = (
				4399014218F1C9C700F1F96A /* en */,
			);
			name = InfoPlist.strings;
			sourceTree = "<group>";
		};
		4399014A18F1C9C700F1F96A /* Main.storyboard */ = {
			isa = PBXVariantGroup;
			children = (
				4399014B18F1C9C700F1F96A /* Base */,
			);
			name = Main.storyboard;
			sourceTree = "<group>";
		};
		4399016018F1C9C700F1F96A /* InfoPlist.strings */ = {
			isa = PBXVariantGroup;
			children = (
				4399016118F1C9C700F1F96A /* en */,
			);
			name = InfoPlist.strings;
			sourceTree = "<group>";
		};
/* End PBXVariantGroup section */

/* Begin XCBuildConfiguration section */
		4399016518F1C9C700F1F96A /* Debug */ = {
			isa = XCBuildConfiguration;
			buildSettings = {
				ALWAYS_SEARCH_USER_PATHS = NO;
				CLANG_CXX_LANGUAGE_STANDARD = "gnu++0x";
				CLANG_CXX_LIBRARY = "libc++";
				CLANG_ENABLE_MODULES = YES;
				CLANG_ENABLE_OBJC_ARC = YES;
				CLANG_WARN_BOOL_CONVERSION = YES;
				CLANG_WARN_CONSTANT_CONVERSION = YES;
				CLANG_WARN_DIRECT_OBJC_ISA_USAGE = YES_ERROR;
				CLANG_WARN_EMPTY_BODY = YES;
				CLANG_WARN_ENUM_CONVERSION = YES;
				CLANG_WARN_INT_CONVERSION = YES;
				CLANG_WARN_OBJC_ROOT_CLASS = YES_ERROR;
				CLANG_WARN__DUPLICATE_METHOD_MATCH = YES;
				"CODE_SIGN_IDENTITY[sdk=iphoneos*]" = "iPhone Developer";
				COPY_PHASE_STRIP = NO;
				GCC_C_LANGUAGE_STANDARD = gnu99;
				GCC_DYNAMIC_NO_PIC = NO;
				GCC_OPTIMIZATION_LEVEL = 0;
				GCC_PREPROCESSOR_DEFINITIONS = (
					"DEBUG=1",
					"$(inherited)",
				);
				GCC_SYMBOLS_PRIVATE_EXTERN = NO;
				GCC_WARN_64_TO_32_BIT_CONVERSION = YES;
				GCC_WARN_ABOUT_RETURN_TYPE = YES_ERROR;
				GCC_WARN_UNDECLARED_SELECTOR = YES;
				GCC_WARN_UNINITIALIZED_AUTOS = YES_AGGRESSIVE;
				GCC_WARN_UNUSED_FUNCTION = YES;
				GCC_WARN_UNUSED_VARIABLE = YES;
				IPHONEOS_DEPLOYMENT_TARGET = 7.1;
				ONLY_ACTIVE_ARCH = YES;
				SDKROOT = iphoneos;
			};
			name = Debug;
		};
		4399016618F1C9C700F1F96A /* Release */ = {
			isa = XCBuildConfiguration;
			buildSettings = {
				ALWAYS_SEARCH_USER_PATHS = NO;
				CLANG_CXX_LANGUAGE_STANDARD = "gnu++0x";
				CLANG_CXX_LIBRARY = "libc++";
				CLANG_ENABLE_MODULES = YES;
				CLANG_ENABLE_OBJC_ARC = YES;
				CLANG_WARN_BOOL_CONVERSION = YES;
				CLANG_WARN_CONSTANT_CONVERSION = YES;
				CLANG_WARN_DIRECT_OBJC_ISA_USAGE = YES_ERROR;
				CLANG_WARN_EMPTY_BODY = YES;
				CLANG_WARN_ENUM_CONVERSION = YES;
				CLANG_WARN_INT_CONVERSION = YES;
				CLANG_WARN_OBJC_ROOT_CLASS = YES_ERROR;
				CLANG_WARN__DUPLICATE_METHOD_MATCH = YES;
				"CODE_SIGN_IDENTITY[sdk=iphoneos*]" = "iPhone Developer";
				COPY_PHASE_STRIP = YES;
				ENABLE_NS_ASSERTIONS = NO;
				GCC_C_LANGUAGE_STANDARD = gnu99;
				GCC_WARN_64_TO_32_BIT_CONVERSION = YES;
				GCC_WARN_ABOUT_RETURN_TYPE = YES_ERROR;
				GCC_WARN_UNDECLARED_SELECTOR = YES;
				GCC_WARN_UNINITIALIZED_AUTOS = YES_AGGRESSIVE;
				GCC_WARN_UNUSED_FUNCTION = YES;
				GCC_WARN_UNUSED_VARIABLE = YES;
				IPHONEOS_DEPLOYMENT_TARGET = 7.1;
				SDKROOT = iphoneos;
				VALIDATE_PRODUCT = YES;
			};
			name = Release;
		};
		4399016818F1C9C700F1F96A /* Debug */ = {
			isa = XCBuildConfiguration;
			buildSettings = {
				ASSETCATALOG_COMPILER_APPICON_NAME = AppIcon;
				ASSETCATALOG_COMPILER_LAUNCHIMAGE_NAME = LaunchImage;
				GCC_PRECOMPILE_PREFIX_HEADER = YES;
				GCC_PREFIX_HEADER = "Phase/Phase-Prefix.pch";
				INFOPLIST_FILE = "Phase/Phase-Info.plist";
				PRODUCT_NAME = "$(TARGET_NAME)";
				WRAPPER_EXTENSION = app;
			};
			name = Debug;
		};
		4399016918F1C9C700F1F96A /* Release */ = {
			isa = XCBuildConfiguration;
			buildSettings = {
				ASSETCATALOG_COMPILER_APPICON_NAME = AppIcon;
				ASSETCATALOG_COMPILER_LAUNCHIMAGE_NAME = LaunchImage;
				GCC_PRECOMPILE_PREFIX_HEADER = YES;
				GCC_PREFIX_HEADER = "Phase/Phase-Prefix.pch";
				INFOPLIST_FILE = "Phase/Phase-Info.plist";
				PRODUCT_NAME = "$(TARGET_NAME)";
				WRAPPER_EXTENSION = app;
			};
			name = Release;
		};
		4399016B18F1C9C700F1F96A /* Debug */ = {
			isa = XCBuildConfiguration;
			buildSettings = {
				BUNDLE_LOADER = "$(BUILT_PRODUCTS_DIR)/Phase.app/Phase";
				FRAMEWORK_SEARCH_PATHS = (
					"$(SDKROOT)/Developer/Library/Frameworks",
					"$(inherited)",
					"$(DEVELOPER_FRAMEWORKS_DIR)",
				);
				GCC_PRECOMPILE_PREFIX_HEADER = YES;
				GCC_PREFIX_HEADER = "Phase/Phase-Prefix.pch";
				GCC_PREPROCESSOR_DEFINITIONS = (
					"DEBUG=1",
					"$(inherited)",
				);
				INFOPLIST_FILE = "PhaseTests/PhaseTests-Info.plist";
				PRODUCT_NAME = "$(TARGET_NAME)";
				TEST_HOST = "$(BUNDLE_LOADER)";
				WRAPPER_EXTENSION = xctest;
			};
			name = Debug;
		};
		4399016C18F1C9C700F1F96A /* Release */ = {
			isa = XCBuildConfiguration;
			buildSettings = {
				BUNDLE_LOADER = "$(BUILT_PRODUCTS_DIR)/Phase.app/Phase";
				FRAMEWORK_SEARCH_PATHS = (
					"$(SDKROOT)/Developer/Library/Frameworks",
					"$(inherited)",
					"$(DEVELOPER_FRAMEWORKS_DIR)",
				);
				GCC_PRECOMPILE_PREFIX_HEADER = YES;
				GCC_PREFIX_HEADER = "Phase/Phase-Prefix.pch";
				INFOPLIST_FILE = "PhaseTests/PhaseTests-Info.plist";
				PRODUCT_NAME = "$(TARGET_NAME)";
				TEST_HOST = "$(BUNDLE_LOADER)";
				WRAPPER_EXTENSION = xctest;
			};
			name = Release;
		};
/* End XCBuildConfiguration section */

/* Begin XCConfigurationList section */
		4399013018F1C9C700F1F96A /* Build configuration list for PBXProject "Phase" */ = {
			isa = XCConfigurationList;
			buildConfigurations = (
				4399016518F1C9C700F1F96A /* Debug */,
				4399016618F1C9C700F1F96A /* Release */,
			);
			defaultConfigurationIsVisible = 0;
			defaultConfigurationName = Release;
		};
		4399016718F1C9C700F1F96A /* Build configuration list for PBXNativeTarget "Phase" */ = {
			isa = XCConfigurationList;
			buildConfigurations = (
				4399016818F1C9C700F1F96A /* Debug */,
				4399016918F1C9C700F1F96A /* Release */,
			);
			defaultConfigurationIsVisible = 0;
		};
		4399016A18F1C9C700F1F96A /* Build configuration list for PBXNativeTarget "PhaseTests" */ = {
			isa = XCConfigurationList;
			buildConfigurations = (
				4399016B18F1C9C700F1F96A /* Debug */,
				4399016C18F1C9C700F1F96A /* Release */,
			);
			defaultConfigurationIsVisible = 0;
		};
/* End XCConfigurationList section */
	};
	rootObject = 4399012D18F1C9C700F1F96A /* Project object */;
}
